
Microsoft Visual Studio Solution File, Format Version 12.00
# Visual Studio Version 16
VisualStudioVersion = 16.0.29509.3
MinimumVisualStudioVersion = 10.0.40219.1
Project("{9A19103F-16F7-4668-BE54-9A1E7A4F7556}") = "CMJZ.JZBL.Application.Model", "CMJZ.JZBL.Application\CMJZ.JZBL.Application.Model\CMJZ.JZBL.Application.Model.csproj", "{70CD9AC1-7F29-4F7B-93E9-27313F518EBC}"
EndProject
Project("{9A19103F-16F7-4668-BE54-9A1E7A4F7556}") = "CMJZ.JZBL.Application.Api", "CMJZ.JZBL.Application\CMJZ.JZBL.Application.Api\CMJZ.JZBL.Application.Api.csproj", "{C0AD1AB9-E007-4CEA-AAD2-3C0C1E25570E}"
EndProject
Project("{9A19103F-16F7-4668-BE54-9A1E7A4F7556}") = "CMJZ.JZBL.XUnitTest.Tests", "CMJZ.JZBL.XUnitTest\CMJZ.JZBL.XUnitTest.Tests\CMJZ.JZBL.XUnitTest.Tests.csproj", "{D91387F4-A2A4-4F2C-BEA9-8C69311C4F10}"
EndProject
Project("{2150E333-8FDC-42A3-9474-1A3956D46DE8}") = "04 XUnitTest 单元测试", "04 XUnitTest 单元测试", "{29EC95D0-2574-41C4-A435-568C217C78B6}"
EndProject
Project("{2150E333-8FDC-42A3-9474-1A3956D46DE8}") = "03 Application 项目程序", "03 Application 项目程序", "{E33932A2-A656-4F3D-BAAA-255B9E830FE9}"
EndProject
Project("{2150E333-8FDC-42A3-9474-1A3956D46DE8}") = "01 Framework 实用工具", "01 Framework 实用工具", "{DF521823-4F50-4DBB-8A8E-7499C708F815}"
EndProject
Project("{9A19103F-16F7-4668-BE54-9A1E7A4F7556}") = "CMJZ.JZBL.Application.IRepository", "CMJZ.JZBL.Application\CMJZ.JZBL.Application.IRepository\CMJZ.JZBL.Application.IRepository.csproj", "{6483B8C3-1A2A-4255-974C-51A7259E03E5}"
EndProject
Project("{9A19103F-16F7-4668-BE54-9A1E7A4F7556}") = "CMJZ.JZBL.Application.Repository", "CMJZ.JZBL.Application\CMJZ.JZBL.Application.Repository\CMJZ.JZBL.Application.Repository.csproj", "{9070C976-F887-44EF-8B79-D6D5FAAD639D}"
EndProject
Project("{9A19103F-16F7-4668-BE54-9A1E7A4F7556}") = "CMJZ.JZBL.Application.IServices", "CMJZ.JZBL.Application\CMJZ.JZBL.Application.IServices\CMJZ.JZBL.Application.IServices.csproj", "{B3F3562D-2A90-434E-AE45-AA3EC4155EAC}"
EndProject
Project("{9A19103F-16F7-4668-BE54-9A1E7A4F7556}") = "CMJZ.JZBL.Application.Services", "CMJZ.JZBL.Application\CMJZ.JZBL.Application.Services\CMJZ.JZBL.Application.Services.csproj", "{DADC5D89-B666-4395-A774-8509E6EAEF5E}"
EndProject
Project("{2150E333-8FDC-42A3-9474-1A3956D46DE8}") = "02 页面表现层", "02 页面表现层", "{45B37FAE-4798-46F2-9BF6-2BF889F586E3}"
EndProject
Project("{2150E333-8FDC-42A3-9474-1A3956D46DE8}") = "01 业务处理层", "01 业务处理层", "{16105D48-1B8B-4898-A125-EBC80BC5A58B}"
EndProject
Project("{2150E333-8FDC-42A3-9474-1A3956D46DE8}") = "02 DataAccess 数据库层", "02 DataAccess 数据库层", "{7EFB35BA-0A87-4F0D-90C3-A48A4B01DD7E}"
EndProject
Project("{9A19103F-16F7-4668-BE54-9A1E7A4F7556}") = "CMJZ.JZBL.Data.SqlSugar", "CMJZ.JZBL.Data\CMJZ.JZBL.Data.SqlSugar\CMJZ.JZBL.Data.SqlSugar.csproj", "{0BC0070D-0293-43BE-BD4D-8915B3AF816B}"
EndProject
Project("{9A19103F-16F7-4668-BE54-9A1E7A4F7556}") = "CMJZ.JZBL.Util.ApiTools", "CMJZ.JZBL.Util\CMJZ.JZBL.Util.ApiTools\CMJZ.JZBL.Util.ApiTools.csproj", "{CB7C539A-228C-4183-838C-FD88B2A643BC}"
EndProject
Project("{9A19103F-16F7-4668-BE54-9A1E7A4F7556}") = "CMJZ.JZBL.Util.Common", "CMJZ.JZBL.Util\CMJZ.JZBL.Util.Common\CMJZ.JZBL.Util.Common.csproj", "{2942AEB5-183E-48AC-8D35-51E84463FC8C}"
EndProject
Project("{FAE04EC0-301F-11D3-BF4B-00C04F79EFBC}") = "CMJZ.JZBL.Data.Base", "CMJZ.JZBL.Data\CMJZ.JZBL.Data.Base\CMJZ.JZBL.Data.Base.csproj", "{0E922FF2-85A6-44E0-87EE-E295C1548112}"
EndProject
Global
	GlobalSection(SolutionConfigurationPlatforms) = preSolution
		Debug|Any CPU = Debug|Any CPU
		Release|Any CPU = Release|Any CPU
	EndGlobalSection
	GlobalSection(ProjectConfigurationPlatforms) = postSolution
		{70CD9AC1-7F29-4F7B-93E9-27313F518EBC}.Debug|Any CPU.ActiveCfg = Debug|Any CPU
		{70CD9AC1-7F29-4F7B-93E9-27313F518EBC}.Debug|Any CPU.Build.0 = Debug|Any CPU
		{70CD9AC1-7F29-4F7B-93E9-27313F518EBC}.Release|Any CPU.ActiveCfg = Release|Any CPU
		{70CD9AC1-7F29-4F7B-93E9-27313F518EBC}.Release|Any CPU.Build.0 = Release|Any CPU
		{C0AD1AB9-E007-4CEA-AAD2-3C0C1E25570E}.Debug|Any CPU.ActiveCfg = Debug|Any CPU
		{C0AD1AB9-E007-4CEA-AAD2-3C0C1E25570E}.Debug|Any CPU.Build.0 = Debug|Any CPU
		{C0AD1AB9-E007-4CEA-AAD2-3C0C1E25570E}.Release|Any CPU.ActiveCfg = Release|Any CPU
		{C0AD1AB9-E007-4CEA-AAD2-3C0C1E25570E}.Release|Any CPU.Build.0 = Release|Any CPU
		{D91387F4-A2A4-4F2C-BEA9-8C69311C4F10}.Debug|Any CPU.ActiveCfg = Debug|Any CPU
		{D91387F4-A2A4-4F2C-BEA9-8C69311C4F10}.Debug|Any CPU.Build.0 = Debug|Any CPU
		{D91387F4-A2A4-4F2C-BEA9-8C69311C4F10}.Release|Any CPU.ActiveCfg = Release|Any CPU
		{D91387F4-A2A4-4F2C-BEA9-8C69311C4F10}.Release|Any CPU.Build.0 = Release|Any CPU
		{6483B8C3-1A2A-4255-974C-51A7259E03E5}.Debug|Any CPU.ActiveCfg = Debug|Any CPU
		{6483B8C3-1A2A-4255-974C-51A7259E03E5}.Debug|Any CPU.Build.0 = Debug|Any CPU
		{6483B8C3-1A2A-4255-974C-51A7259E03E5}.Release|Any CPU.ActiveCfg = Release|Any CPU
		{6483B8C3-1A2A-4255-974C-51A7259E03E5}.Release|Any CPU.Build.0 = Release|Any CPU
		{9070C976-F887-44EF-8B79-D6D5FAAD639D}.Debug|Any CPU.ActiveCfg = Debug|Any CPU
		{9070C976-F887-44EF-8B79-D6D5FAAD639D}.Debug|Any CPU.Build.0 = Debug|Any CPU
		{9070C976-F887-44EF-8B79-D6D5FAAD639D}.Release|Any CPU.ActiveCfg = Release|Any CPU
		{9070C976-F887-44EF-8B79-D6D5FAAD639D}.Release|Any CPU.Build.0 = Release|Any CPU
		{B3F3562D-2A90-434E-AE45-AA3EC4155EAC}.Debug|Any CPU.ActiveCfg = Debug|Any CPU
		{B3F3562D-2A90-434E-AE45-AA3EC4155EAC}.Debug|Any CPU.Build.0 = Debug|Any CPU
		{B3F3562D-2A90-434E-AE45-AA3EC4155EAC}.Release|Any CPU.ActiveCfg = Release|Any CPU
		{B3F3562D-2A90-434E-AE45-AA3EC4155EAC}.Release|Any CPU.Build.0 = Release|Any CPU
		{DADC5D89-B666-4395-A774-8509E6EAEF5E}.Debug|Any CPU.ActiveCfg = Debug|Any CPU
		{DADC5D89-B666-4395-A774-8509E6EAEF5E}.Debug|Any CPU.Build.0 = Debug|Any CPU
		{DADC5D89-B666-4395-A774-8509E6EAEF5E}.Release|Any CPU.ActiveCfg = Release|Any CPU
		{DADC5D89-B666-4395-A774-8509E6EAEF5E}.Release|Any CPU.Build.0 = Release|Any CPU
		{0BC0070D-0293-43BE-BD4D-8915B3AF816B}.Debug|Any CPU.ActiveCfg = Debug|Any CPU
		{0BC0070D-0293-43BE-BD4D-8915B3AF816B}.Debug|Any CPU.Build.0 = Debug|Any CPU
		{0BC0070D-0293-43BE-BD4D-8915B3AF816B}.Release|Any CPU.ActiveCfg = Release|Any CPU
		{0BC0070D-0293-43BE-BD4D-8915B3AF816B}.Release|Any CPU.Build.0 = Release|Any CPU
		{CB7C539A-228C-4183-838C-FD88B2A643BC}.Debug|Any CPU.ActiveCfg = Debug|Any CPU
		{CB7C539A-228C-4183-838C-FD88B2A643BC}.Debug|Any CPU.Build.0 = Debug|Any CPU
		{CB7C539A-228C-4183-838C-FD88B2A643BC}.Release|Any CPU.ActiveCfg = Release|Any CPU
		{CB7C539A-228C-4183-838C-FD88B2A643BC}.Release|Any CPU.Build.0 = Release|Any CPU
		{2942AEB5-183E-48AC-8D35-51E84463FC8C}.Debug|Any CPU.ActiveCfg = Debug|Any CPU
		{2942AEB5-183E-48AC-8D35-51E84463FC8C}.Debug|Any CPU.Build.0 = Debug|Any CPU
		{2942AEB5-183E-48AC-8D35-51E84463FC8C}.Release|Any CPU.ActiveCfg = Release|Any CPU
		{2942AEB5-183E-48AC-8D35-51E84463FC8C}.Release|Any CPU.Build.0 = Release|Any CPU
		{0E922FF2-85A6-44E0-87EE-E295C1548112}.Debug|Any CPU.ActiveCfg = Debug|Any CPU
		{0E922FF2-85A6-44E0-87EE-E295C1548112}.Debug|Any CPU.Build.0 = Debug|Any CPU
		{0E922FF2-85A6-44E0-87EE-E295C1548112}.Release|Any CPU.ActiveCfg = Release|Any CPU
		{0E922FF2-85A6-44E0-87EE-E295C1548112}.Release|Any CPU.Build.0 = Release|Any CPU
	EndGlobalSection
	GlobalSection(SolutionProperties) = preSolution
		HideSolutionNode = FALSE
	EndGlobalSection
	GlobalSection(NestedProjects) = preSolution
		{70CD9AC1-7F29-4F7B-93E9-27313F518EBC} = {16105D48-1B8B-4898-A125-EBC80BC5A58B}
		{C0AD1AB9-E007-4CEA-AAD2-3C0C1E25570E} = {45B37FAE-4798-46F2-9BF6-2BF889F586E3}
		{D91387F4-A2A4-4F2C-BEA9-8C69311C4F10} = {29EC95D0-2574-41C4-A435-568C217C78B6}
		{6483B8C3-1A2A-4255-974C-51A7259E03E5} = {16105D48-1B8B-4898-A125-EBC80BC5A58B}
		{9070C976-F887-44EF-8B79-D6D5FAAD639D} = {16105D48-1B8B-4898-A125-EBC80BC5A58B}
		{B3F3562D-2A90-434E-AE45-AA3EC4155EAC} = {16105D48-1B8B-4898-A125-EBC80BC5A58B}
		{DADC5D89-B666-4395-A774-8509E6EAEF5E} = {16105D48-1B8B-4898-A125-EBC80BC5A58B}
		{45B37FAE-4798-46F2-9BF6-2BF889F586E3} = {E33932A2-A656-4F3D-BAAA-255B9E830FE9}
		{16105D48-1B8B-4898-A125-EBC80BC5A58B} = {E33932A2-A656-4F3D-BAAA-255B9E830FE9}
		{0BC0070D-0293-43BE-BD4D-8915B3AF816B} = {7EFB35BA-0A87-4F0D-90C3-A48A4B01DD7E}
		{CB7C539A-228C-4183-838C-FD88B2A643BC} = {DF521823-4F50-4DBB-8A8E-7499C708F815}
		{2942AEB5-183E-48AC-8D35-51E84463FC8C} = {DF521823-4F50-4DBB-8A8E-7499C708F815}
		{0E922FF2-85A6-44E0-87EE-E295C1548112} = {7EFB35BA-0A87-4F0D-90C3-A48A4B01DD7E}
	EndGlobalSection
	GlobalSection(ExtensibilityGlobals) = postSolution
		SolutionGuid = {55DF9612-53AF-4C85-81A5-F79A44261734}
	EndGlobalSection
EndGlobal
